
Microsoft Visual Studio Solution File, Format Version 12.00
# Visual Studio Version 17
VisualStudioVersion = 17.0.31903.59
MinimumVisualStudioVersion = 10.0.40219.1
Project("{FAE04EC0-301F-11D3-BF4B-00C04F79EFBC}") = "module7", "module7\module7.csproj", "{F41DC684-8CF7-4A4C-891F-D122D76C87BE}"
EndProject
Global
	GlobalSection(SolutionConfigurationPlatforms) = preSolution
		Debug|Any CPU = Debug|Any CPU
		Release|Any CPU = Release|Any CPU
	EndGlobalSection
	GlobalSection(SolutionProperties) = preSolution
		HideSolutionNode = FALSE
	EndGlobalSection
	GlobalSection(ProjectConfigurationPlatforms) = postSolution
		{F41DC684-8CF7-4A4C-891F-D122D76C87BE}.Debug|Any CPU.ActiveCfg = Debug|Any CPU
		{F41DC684-8CF7-4A4C-891F-D122D76C87BE}.Debug|Any CPU.Build.0 = Debug|Any CPU
		{F41DC684-8CF7-4A4C-891F-D122D76C87BE}.Release|Any CPU.ActiveCfg = Release|Any CPU
		{F41DC684-8CF7-4A4C-891F-D122D76C87BE}.Release|Any CPU.Build.0 = Release|Any CPU
	EndGlobalSection
EndGlobal
